
Microsoft Visual Studio Solution File, Format Version 12.00
# Visual Studio Version 16
VisualStudioVersion = 16.0.30517.126
MinimumVisualStudioVersion = 10.0.40219.1
Project("{FAE04EC0-301F-11D3-BF4B-00C04F79EFBC}") = "Minesweeper", "Minesweeper\Minesweeper.csproj", "{19770711-827B-48CD-BEEE-FBCC72F60EAB}"
EndProject
Global
	GlobalSection(SolutionConfigurationPlatforms) = preSolution
		Debug|Any CPU = Debug|Any CPU
		Release|Any CPU = Release|Any CPU
	EndGlobalSection
	GlobalSection(ProjectConfigurationPlatforms) = postSolution
		{19770711-827B-48CD-BEEE-FBCC72F60EAB}.Debug|Any CPU.ActiveCfg = Debug|Any CPU
		{19770711-827B-48CD-BEEE-FBCC72F60EAB}.Debug|Any CPU.Build.0 = Debug|Any CPU
		{19770711-827B-48CD-BEEE-FBCC72F60EAB}.Release|Any CPU.ActiveCfg = Release|Any CPU
		{19770711-827B-48CD-BEEE-FBCC72F60EAB}.Release|Any CPU.Build.0 = Release|Any CPU
	EndGlobalSection
	GlobalSection(SolutionProperties) = preSolution
		HideSolutionNode = FALSE
	EndGlobalSection
	GlobalSection(ExtensibilityGlobals) = postSolution
		SolutionGuid = {6C1FD852-BC04-4C88-A28D-A3829F017681}
	EndGlobalSection
EndGlobal
